
Microsoft Visual Studio Solution File, Format Version 12.00
# Visual Studio Version 16
VisualStudioVersion = 16.0.30621.155
MinimumVisualStudioVersion = 10.0.40219.1
Project("{FAE04EC0-301F-11D3-BF4B-00C04F79EFBC}") = "DevCard_Mvc", "DevCard_Mvc\DevCard_Mvc.csproj", "{D6C2B2F3-5C6D-4505-87AC-B6225EB5A23B}"
EndProject
Global
	GlobalSection(SolutionConfigurationPlatforms) = preSolution
		Debug|Any CPU = Debug|Any CPU
		Release|Any CPU = Release|Any CPU
	EndGlobalSection
	GlobalSection(ProjectConfigurationPlatforms) = postSolution
		{D6C2B2F3-5C6D-4505-87AC-B6225EB5A23B}.Debug|Any CPU.ActiveCfg = Debug|Any CPU
		{D6C2B2F3-5C6D-4505-87AC-B6225EB5A23B}.Debug|Any CPU.Build.0 = Debug|Any CPU
		{D6C2B2F3-5C6D-4505-87AC-B6225EB5A23B}.Release|Any CPU.ActiveCfg = Release|Any CPU
		{D6C2B2F3-5C6D-4505-87AC-B6225EB5A23B}.Release|Any CPU.Build.0 = Release|Any CPU
	EndGlobalSection
	GlobalSection(SolutionProperties) = preSolution
		HideSolutionNode = FALSE
	EndGlobalSection
	GlobalSection(ExtensibilityGlobals) = postSolution
		SolutionGuid = {64731232-B916-4AED-B19E-514D5CE53D5E}
	EndGlobalSection
EndGlobal
